// !$*UTF8*$!
{
	archiveVersion = 1;
	classes = {
	};
	objectVersion = 56;
	objects = {

/* Begin PBXBuildFile section */
		963C0D652A78F8AF0013C68C /* PrevPgae.swift in Sources */ = {isa = PBXBuildFile; fileRef = 963C0D642A78F8AF0013C68C /* PrevPgae.swift */; };
		963C0D672A791A440013C68C /* Main.swift in Sources */ = {isa = PBXBuildFile; fileRef = 963C0D662A791A440013C68C /* Main.swift */; };
		967976622A7761AA00EC0D04 /* AppDelegate.swift in Sources */ = {isa = PBXBuildFile; fileRef = 967976612A7761AA00EC0D04 /* AppDelegate.swift */; };
		967976642A7761AA00EC0D04 /* SceneDelegate.swift in Sources */ = {isa = PBXBuildFile; fileRef = 967976632A7761AA00EC0D04 /* SceneDelegate.swift */; };
		967976662A7761AA00EC0D04 /* ViewController.swift in Sources */ = {isa = PBXBuildFile; fileRef = 967976652A7761AA00EC0D04 /* ViewController.swift */; };
		967976692A7761AA00EC0D04 /* Main.storyboard in Resources */ = {isa = PBXBuildFile; fileRef = 967976672A7761AA00EC0D04 /* Main.storyboard */; };
		9679766B2A7761AB00EC0D04 /* Assets.xcassets in Resources */ = {isa = PBXBuildFile; fileRef = 9679766A2A7761AB00EC0D04 /* Assets.xcassets */; };
		9679766E2A7761AB00EC0D04 /* LaunchScreen.storyboard in Resources */ = {isa = PBXBuildFile; fileRef = 9679766C2A7761AB00EC0D04 /* LaunchScreen.storyboard */; };
		96D083662A78AE65009267E9 /* NextPage.storyboard in Resources */ = {isa = PBXBuildFile; fileRef = 96D083652A78AE65009267E9 /* NextPage.storyboard */; };
		96D0836C2A78B65D009267E9 /* MainViewController.swift in Sources */ = {isa = PBXBuildFile; fileRef = 96D0836B2A78B65D009267E9 /* MainViewController.swift */; };
		96D083702A78B69A009267E9 /* NextViewController.swift in Sources */ = {isa = PBXBuildFile; fileRef = 96D0836F2A78B69A009267E9 /* NextViewController.swift */; };
		96D083722A78DA7E009267E9 /* PrevPage.storyboard in Resources */ = {isa = PBXBuildFile; fileRef = 96D083712A78DA7E009267E9 /* PrevPage.storyboard */; };
/* End PBXBuildFile section */

/* Begin PBXFileReference section */
		963C0D642A78F8AF0013C68C /* PrevPgae.swift */ = {isa = PBXFileReference; lastKnownFileType = sourcecode.swift; path = PrevPgae.swift; sourceTree = "<group>"; };
		963C0D662A791A440013C68C /* Main.swift */ = {isa = PBXFileReference; lastKnownFileType = sourcecode.swift; path = Main.swift; sourceTree = "<group>"; };
		9679765E2A7761AA00EC0D04 /* iOS_Memo.app */ = {isa = PBXFileReference; explicitFileType = wrapper.application; includeInIndex = 0; path = iOS_Memo.app; sourceTree = BUILT_PRODUCTS_DIR; };
		967976612A7761AA00EC0D04 /* AppDelegate.swift */ = {isa = PBXFileReference; lastKnownFileType = sourcecode.swift; path = AppDelegate.swift; sourceTree = "<group>"; };
		967976632A7761AA00EC0D04 /* SceneDelegate.swift */ = {isa = PBXFileReference; lastKnownFileType = sourcecode.swift; path = SceneDelegate.swift; sourceTree = "<group>"; };
		967976652A7761AA00EC0D04 /* ViewController.swift */ = {isa = PBXFileReference; lastKnownFileType = sourcecode.swift; path = ViewController.swift; sourceTree = "<group>"; };
		967976682A7761AA00EC0D04 /* Base */ = {isa = PBXFileReference; lastKnownFileType = file.storyboard; name = Base; path = Base.lproj/Main.storyboard; sourceTree = "<group>"; };
		9679766A2A7761AB00EC0D04 /* Assets.xcassets */ = {isa = PBXFileReference; lastKnownFileType = folder.assetcatalog; path = Assets.xcassets; sourceTree = "<group>"; };
		9679766D2A7761AB00EC0D04 /* Base */ = {isa = PBXFileReference; lastKnownFileType = file.storyboard; name = Base; path = Base.lproj/LaunchScreen.storyboard; sourceTree = "<group>"; };
		9679766F2A7761AB00EC0D04 /* Info.plist */ = {isa = PBXFileReference; lastKnownFileType = text.plist.xml; path = Info.plist; sourceTree = "<group>"; };
		96D083652A78AE65009267E9 /* NextPage.storyboard */ = {isa = PBXFileReference; lastKnownFileType = file.storyboard; path = NextPage.storyboard; sourceTree = "<group>"; };
		96D0836B2A78B65D009267E9 /* MainViewController.swift */ = {isa = PBXFileReference; lastKnownFileType = sourcecode.swift; path = MainViewController.swift; sourceTree = "<group>"; };
		96D0836F2A78B69A009267E9 /* NextViewController.swift */ = {isa = PBXFileReference; lastKnownFileType = sourcecode.swift; path = NextViewController.swift; sourceTree = "<group>"; };
		96D083712A78DA7E009267E9 /* PrevPage.storyboard */ = {isa = PBXFileReference; lastKnownFileType = file.storyboard; path = PrevPage.storyboard; sourceTree = "<group>"; };
/* End PBXFileReference section */

/* Begin PBXFrameworksBuildPhase section */
		9679765B2A7761AA00EC0D04 /* Frameworks */ = {
			isa = PBXFrameworksBuildPhase;
			buildActionMask = 2147483647;
			files = (
			);
			runOnlyForDeploymentPostprocessing = 0;
		};
/* End PBXFrameworksBuildPhase section */

/* Begin PBXGroup section */
		967976552A7761AA00EC0D04 = {
			isa = PBXGroup;
			children = (
				967976602A7761AA00EC0D04 /* iOS_Memo */,
				9679765F2A7761AA00EC0D04 /* Products */,
			);
			sourceTree = "<group>";
		};
		9679765F2A7761AA00EC0D04 /* Products */ = {
			isa = PBXGroup;
			children = (
				9679765E2A7761AA00EC0D04 /* iOS_Memo.app */,
			);
			name = Products;
			sourceTree = "<group>";
		};
		967976602A7761AA00EC0D04 /* iOS_Memo */ = {
			isa = PBXGroup;
			children = (
				967976612A7761AA00EC0D04 /* AppDelegate.swift */,
				967976632A7761AA00EC0D04 /* SceneDelegate.swift */,
				967976652A7761AA00EC0D04 /* ViewController.swift */,
				96D0836B2A78B65D009267E9 /* MainViewController.swift */,
				96D0836F2A78B69A009267E9 /* NextViewController.swift */,
				963C0D662A791A440013C68C /* Main.swift */,
				963C0D642A78F8AF0013C68C /* PrevPgae.swift */,
				967976672A7761AA00EC0D04 /* Main.storyboard */,
				96D083712A78DA7E009267E9 /* PrevPage.storyboard */,
				96D083652A78AE65009267E9 /* NextPage.storyboard */,
				9679766A2A7761AB00EC0D04 /* Assets.xcassets */,
				9679766C2A7761AB00EC0D04 /* LaunchScreen.storyboard */,
				9679766F2A7761AB00EC0D04 /* Info.plist */,
			);
			path = iOS_Memo;
			sourceTree = "<group>";
		};
/* End PBXGroup section */

/* Begin PBXNativeTarget section */
		9679765D2A7761AA00EC0D04 /* iOS_Memo */ = {
			isa = PBXNativeTarget;
			buildConfigurationList = 967976722A7761AB00EC0D04 /* Build configuration list for PBXNativeTarget "iOS_Memo" */;
			buildPhases = (
				9679765A2A7761AA00EC0D04 /* Sources */,
				9679765B2A7761AA00EC0D04 /* Frameworks */,
				9679765C2A7761AA00EC0D04 /* Resources */,
			);
			buildRules = (
			);
			dependencies = (
			);
			name = iOS_Memo;
			productName = iOS_Memo;
			productReference = 9679765E2A7761AA00EC0D04 /* iOS_Memo.app */;
			productType = "com.apple.product-type.application";
		};
/* End PBXNativeTarget section */

/* Begin PBXProject section */
		967976562A7761AA00EC0D04 /* Project object */ = {
			isa = PBXProject;
			attributes = {
				BuildIndependentTargetsInParallel = 1;
				LastSwiftUpdateCheck = 1430;
				LastUpgradeCheck = 1430;
				TargetAttributes = {
					9679765D2A7761AA00EC0D04 = {
						CreatedOnToolsVersion = 14.3.1;
					};
				};
			};
			buildConfigurationList = 967976592A7761AA00EC0D04 /* Build configuration list for PBXProject "iOS_Memo" */;
			compatibilityVersion = "Xcode 14.0";
			developmentRegion = en;
			hasScannedForEncodings = 0;
			knownRegions = (
				en,
				Base,
			);
			mainGroup = 967976552A7761AA00EC0D04;
			productRefGroup = 9679765F2A7761AA00EC0D04 /* Products */;
			projectDirPath = "";
			projectRoot = "";
			targets = (
				9679765D2A7761AA00EC0D04 /* iOS_Memo */,
			);
		};
/* End PBXProject section */

/* Begin PBXResourcesBuildPhase section */
		9679765C2A7761AA00EC0D04 /* Resources */ = {
			isa = PBXResourcesBuildPhase;
			buildActionMask = 2147483647;
			files = (
				9679766E2A7761AB00EC0D04 /* LaunchScreen.storyboard in Resources */,
				9679766B2A7761AB00EC0D04 /* Assets.xcassets in Resources */,
				96D083722A78DA7E009267E9 /* PrevPage.storyboard in Resources */,
				96D083662A78AE65009267E9 /* NextPage.storyboard in Resources */,
				967976692A7761AA00EC0D04 /* Main.storyboard in Resources */,
			);
			runOnlyForDeploymentPostprocessing = 0;
		};
/* End PBXResourcesBuildPhase section */

/* Begin PBXSourcesBuildPhase section */
		9679765A2A7761AA00EC0D04 /* Sources */ = {
			isa = PBXSourcesBuildPhase;
			buildActionMask = 2147483647;
			files = (
				96D083702A78B69A009267E9 /* NextViewController.swift in Sources */,
				967976662A7761AA00EC0D04 /* ViewController.swift in Sources */,
				967976622A7761AA00EC0D04 /* AppDelegate.swift in Sources */,
				967976642A7761AA00EC0D04 /* SceneDelegate.swift in Sources */,
				96D0836C2A78B65D009267E9 /* MainViewController.swift in Sources */,
				963C0D672A791A440013C68C /* Main.swift in Sources */,
				963C0D652A78F8AF0013C68C /* PrevPgae.swift in Sources */,
			);
			runOnlyForDeploymentPostprocessing = 0;
		};
/* End PBXSourcesBuildPhase section */

/* Begin PBXVariantGroup section */
		967976672A7761AA00EC0D04 /* Main.storyboard */ = {
			isa = PBXVariantGroup;
			children = (
				967976682A7761AA00EC0D04 /* Base */,
			);
			name = Main.storyboard;
			sourceTree = "<group>";
		};
		9679766C2A7761AB00EC0D04 /* LaunchScreen.storyboard */ = {
			isa = PBXVariantGroup;
			children = (
				9679766D2A7761AB00EC0D04 /* Base */,
			);
			name = LaunchScreen.storyboard;
			sourceTree = "<group>";
		};
/* End PBXVariantGroup section */

/* Begin XCBuildConfiguration section */
		967976702A7761AB00EC0D04 /* Debug */ = {
			isa = XCBuildConfiguration;
			buildSettings = {
				ALWAYS_SEARCH_USER_PATHS = NO;
				CLANG_ANALYZER_NONNULL = YES;
				CLANG_ANALYZER_NUMBER_OBJECT_CONVERSION = YES_AGGRESSIVE;
				CLANG_CXX_LANGUAGE_STANDARD = "gnu++20";
				CLANG_ENABLE_MODULES = YES;
				CLANG_ENABLE_OBJC_ARC = YES;
				CLANG_ENABLE_OBJC_WEAK = YES;
				CLANG_WARN_BLOCK_CAPTURE_AUTORELEASING = YES;
				CLANG_WARN_BOOL_CONVERSION = YES;
				CLANG_WARN_COMMA = YES;
				CLANG_WARN_CONSTANT_CONVERSION = YES;
				CLANG_WARN_DEPRECATED_OBJC_IMPLEMENTATIONS = YES;
				CLANG_WARN_DIRECT_OBJC_ISA_USAGE = YES_ERROR;
				CLANG_WARN_DOCUMENTATION_COMMENTS = YES;
				CLANG_WARN_EMPTY_BODY = YES;
				CLANG_WARN_ENUM_CONVERSION = YES;
				CLANG_WARN_INFINITE_RECURSION = YES;
				CLANG_WARN_INT_CONVERSION = YES;
				CLANG_WARN_NON_LITERAL_NULL_CONVERSION = YES;
				CLANG_WARN_OBJC_IMPLICIT_RETAIN_SELF = YES;
				CLANG_WARN_OBJC_LITERAL_CONVERSION = YES;
				CLANG_WARN_OBJC_ROOT_CLASS = YES_ERROR;
				CLANG_WARN_QUOTED_INCLUDE_IN_FRAMEWORK_HEADER = YES;
				CLANG_WARN_RANGE_LOOP_ANALYSIS = YES;
				CLANG_WARN_STRICT_PROTOTYPES = YES;
				CLANG_WARN_SUSPICIOUS_MOVE = YES;
				CLANG_WARN_UNGUARDED_AVAILABILITY = YES_AGGRESSIVE;
				CLANG_WARN_UNREACHABLE_CODE = YES;
				CLANG_WARN__DUPLICATE_METHOD_MATCH = YES;
				COPY_PHASE_STRIP = NO;
				DEBUG_INFORMATION_FORMAT = dwarf;
				ENABLE_STRICT_OBJC_MSGSEND = YES;
				ENABLE_TESTABILITY = YES;
				GCC_C_LANGUAGE_STANDARD = gnu11;
				GCC_DYNAMIC_NO_PIC = NO;
				GCC_NO_COMMON_BLOCKS = YES;
				GCC_OPTIMIZATION_LEVEL = 0;
				GCC_PREPROCESSOR_DEFINITIONS = (
					"DEBUG=1",
					"$(inherited)",
				);
				GCC_WARN_64_TO_32_BIT_CONVERSION = YES;
				GCC_WARN_ABOUT_RETURN_TYPE = YES_ERROR;
				GCC_WARN_UNDECLARED_SELECTOR = YES;
				GCC_WARN_UNINITIALIZED_AUTOS = YES_AGGRESSIVE;
				GCC_WARN_UNUSED_FUNCTION = YES;
				GCC_WARN_UNUSED_VARIABLE = YES;
				IPHONEOS_DEPLOYMENT_TARGET = 16.4;
				MTL_ENABLE_DEBUG_INFO = INCLUDE_SOURCE;
				MTL_FAST_MATH = YES;
				ONLY_ACTIVE_ARCH = YES;
				SDKROOT = iphoneos;
				SWIFT_ACTIVE_COMPILATION_CONDITIONS = DEBUG;
				SWIFT_OPTIMIZATION_LEVEL = "-Onone";
			};
			name = Debug;
		};
		967976712A7761AB00EC0D04 /* Release */ = {
			isa = XCBuildConfiguration;
			buildSettings = {
				ALWAYS_SEARCH_USER_PATHS = NO;
				CLANG_ANALYZER_NONNULL = YES;
				CLANG_ANALYZER_NUMBER_OBJECT_CONVERSION = YES_AGGRESSIVE;
				CLANG_CXX_LANGUAGE_STANDARD = "gnu++20";
				CLANG_ENABLE_MODULES = YES;
				CLANG_ENABLE_OBJC_ARC = YES;
				CLANG_ENABLE_OBJC_WEAK = YES;
				CLANG_WARN_BLOCK_CAPTURE_AUTORELEASING = YES;
				CLANG_WARN_BOOL_CONVERSION = YES;
				CLANG_WARN_COMMA = YES;
				CLANG_WARN_CONSTANT_CONVERSION = YES;
				CLANG_WARN_DEPRECATED_OBJC_IMPLEMENTATIONS = YES;
				CLANG_WARN_DIRECT_OBJC_ISA_USAGE = YES_ERROR;
				CLANG_WARN_DOCUMENTATION_COMMENTS = YES;
				CLANG_WARN_EMPTY_BODY = YES;
				CLANG_WARN_ENUM_CONVERSION = YES;
				CLANG_WARN_INFINITE_RECURSION = YES;
				CLANG_WARN_INT_CONVERSION = YES;
				CLANG_WARN_NON_LITERAL_NULL_CONVERSION = YES;
				CLANG_WARN_OBJC_IMPLICIT_RETAIN_SELF = YES;
				CLANG_WARN_OBJC_LITERAL_CONVERSION = YES;
				CLANG_WARN_OBJC_ROOT_CLASS = YES_ERROR;
				CLANG_WARN_QUOTED_INCLUDE_IN_FRAMEWORK_HEADER = YES;
				CLANG_WARN_RANGE_LOOP_ANALYSIS = YES;
				CLANG_WARN_STRICT_PROTOTYPES = YES;
				CLANG_WARN_SUSPICIOUS_MOVE = YES;
				CLANG_WARN_UNGUARDED_AVAILABILITY = YES_AGGRESSIVE;
				CLANG_WARN_UNREACHABLE_CODE = YES;
				CLANG_WARN__DUPLICATE_METHOD_MATCH = YES;
				COPY_PHASE_STRIP = NO;
				DEBUG_INFORMATION_FORMAT = "dwarf-with-dsym";
				ENABLE_NS_ASSERTIONS = NO;
				ENABLE_STRICT_OBJC_MSGSEND = YES;
				GCC_C_LANGUAGE_STANDARD = gnu11;
				GCC_NO_COMMON_BLOCKS = YES;
				GCC_WARN_64_TO_32_BIT_CONVERSION = YES;
				GCC_WARN_ABOUT_RETURN_TYPE = YES_ERROR;
				GCC_WARN_UNDECLARED_SELECTOR = YES;
				GCC_WARN_UNINITIALIZED_AUTOS = YES_AGGRESSIVE;
				GCC_WARN_UNUSED_FUNCTION = YES;
				GCC_WARN_UNUSED_VARIABLE = YES;
				IPHONEOS_DEPLOYMENT_TARGET = 16.4;
				MTL_ENABLE_DEBUG_INFO = NO;
				MTL_FAST_MATH = YES;
				SDKROOT = iphoneos;
				SWIFT_COMPILATION_MODE = wholemodule;
				SWIFT_OPTIMIZATION_LEVEL = "-O";
				VALIDATE_PRODUCT = YES;
			};
			name = Release;
		};
		967976732A7761AB00EC0D04 /* Debug */ = {
			isa = XCBuildConfiguration;
			buildSettings = {
				ASSETCATALOG_COMPILER_APPICON_NAME = AppIcon;
				ASSETCATALOG_COMPILER_GLOBAL_ACCENT_COLOR_NAME = AccentColor;
				CODE_SIGN_STYLE = Automatic;
				CURRENT_PROJECT_VERSION = 1;
				GENERATE_INFOPLIST_FILE = YES;
				INFOPLIST_FILE = iOS_Memo/Info.plist;
				INFOPLIST_KEY_UIApplicationSupportsIndirectInputEvents = YES;
				INFOPLIST_KEY_UILaunchStoryboardName = LaunchScreen;
				INFOPLIST_KEY_UIMainStoryboardFile = Main;
				INFOPLIST_KEY_UISupportedInterfaceOrientations_iPad = "UIInterfaceOrientationPortrait UIInterfaceOrientationPortraitUpsideDown UIInterfaceOrientationLandscapeLeft UIInterfaceOrientationLandscapeRight";
				INFOPLIST_KEY_UISupportedInterfaceOrientations_iPhone = "UIInterfaceOrientationPortrait UIInterfaceOrientationLandscapeLeft UIInterfaceOrientationLandscapeRight";
				LD_RUNPATH_SEARCH_PATHS = (
					"$(inherited)",
					"@executable_path/Frameworks",
				);
				MARKETING_VERSION = 1.0;
				PRODUCT_BUNDLE_IDENTIFIER = "Projec-2249.iOS-Memo";
				PRODUCT_NAME = "$(TARGET_NAME)";
				SWIFT_EMIT_LOC_STRINGS = YES;
				SWIFT_VERSION = 5.0;
				TARGETED_DEVICE_FAMILY = "1,2";
			};
			name = Debug;
		};
		967976742A7761AB00EC0D04 /* Release */ = {
			isa = XCBuildConfiguration;
			buildSettings = {
				ASSETCATALOG_COMPILER_APPICON_NAME = AppIcon;
				ASSETCATALOG_COMPILER_GLOBAL_ACCENT_COLOR_NAME = AccentColor;
				CODE_SIGN_STYLE = Automatic;
				CURRENT_PROJECT_VERSION = 1;
				GENERATE_INFOPLIST_FILE = YES;
				INFOPLIST_FILE = iOS_Memo/Info.plist;
				INFOPLIST_KEY_UIApplicationSupportsIndirectInputEvents = YES;
				INFOPLIST_KEY_UILaunchStoryboardName = LaunchScreen;
				INFOPLIST_KEY_UIMainStoryboardFile = Main;
				INFOPLIST_KEY_UISupportedInterfaceOrientations_iPad = "UIInterfaceOrientationPortrait UIInterfaceOrientationPortraitUpsideDown UIInterfaceOrientationLandscapeLeft UIInterfaceOrientationLandscapeRight";
				INFOPLIST_KEY_UISupportedInterfaceOrientations_iPhone = "UIInterfaceOrientationPortrait UIInterfaceOrientationLandscapeLeft UIInterfaceOrientationLandscapeRight";
				LD_RUNPATH_SEARCH_PATHS = (
					"$(inherited)",
					"@executable_path/Frameworks",
				);
				MARKETING_VERSION = 1.0;
				PRODUCT_BUNDLE_IDENTIFIER = "Projec-2249.iOS-Memo";
				PRODUCT_NAME = "$(TARGET_NAME)";
				SWIFT_EMIT_LOC_STRINGS = YES;
				SWIFT_VERSION = 5.0;
				TARGETED_DEVICE_FAMILY = "1,2";
			};
			name = Release;
		};
/* End XCBuildConfiguration section */

/* Begin XCConfigurationList section */
		967976592A7761AA00EC0D04 /* Build configuration list for PBXProject "iOS_Memo" */ = {
			isa = XCConfigurationList;
			buildConfigurations = (
				967976702A7761AB00EC0D04 /* Debug */,
				967976712A7761AB00EC0D04 /* Release */,
			);
			defaultConfigurationIsVisible = 0;
			defaultConfigurationName = Release;
		};
		967976722A7761AB00EC0D04 /* Build configuration list for PBXNativeTarget "iOS_Memo" */ = {
			isa = XCConfigurationList;
			buildConfigurations = (
				967976732A7761AB00EC0D04 /* Debug */,
				967976742A7761AB00EC0D04 /* Release */,
			);
			defaultConfigurationIsVisible = 0;
			defaultConfigurationName = Release;
		};
/* End XCConfigurationList section */
	};
	rootObject = 967976562A7761AA00EC0D04 /* Project object */;
}
